
Microsoft Visual Studio Solution File, Format Version 12.00
# Visual Studio Version 17
VisualStudioVersion = 17.2.32630.192
MinimumVisualStudioVersion = 10.0.40219.1
Project("{FAE04EC0-301F-11D3-BF4B-00C04F79EFBC}") = "ConsoleApp", "ConsoleApp\ConsoleApp.csproj", "{BEF002E1-2079-4027-9FA6-C440BD19E3E7}"
EndProject
Global
	GlobalSection(SolutionConfigurationPlatforms) = preSolution
		Debug|Any CPU = Debug|Any CPU
		Release|Any CPU = Release|Any CPU
	EndGlobalSection
	GlobalSection(ProjectConfigurationPlatforms) = postSolution
		{BEF002E1-2079-4027-9FA6-C440BD19E3E7}.Debug|Any CPU.ActiveCfg = Debug|Any CPU
		{BEF002E1-2079-4027-9FA6-C440BD19E3E7}.Debug|Any CPU.Build.0 = Debug|Any CPU
		{BEF002E1-2079-4027-9FA6-C440BD19E3E7}.Release|Any CPU.ActiveCfg = Release|Any CPU
		{BEF002E1-2079-4027-9FA6-C440BD19E3E7}.Release|Any CPU.Build.0 = Release|Any CPU
	EndGlobalSection
	GlobalSection(SolutionProperties) = preSolution
		HideSolutionNode = FALSE
	EndGlobalSection
	GlobalSection(ExtensibilityGlobals) = postSolution
		SolutionGuid = {B6A0C0E2-2A5D-4010-B7B8-D0830C788B11}
	EndGlobalSection
EndGlobal
